<?xml version="1.0" encoding="utf-8"?>
<Project ToolsVersion="4.0" xmlns="http://schemas.microsoft.com/developer/msbuild/2003">
  <ItemGroup>
    <ClCompile Include="pch.cpp">
      <Filter>pch</Filter>
    </ClCompile>
    <ClCompile Include="ServerHelper.cpp">
      <Filter>ServerHelper</Filter>
    </ClCompile>
    <ClCompile Include="Socket.cpp">
      <Filter>Network\Socket</Filter>
    </ClCompile>
    <ClCompile Include="ListenSocket.cpp">
      <Filter>Network\Socket\ListenSocket</Filter>
    </ClCompile>
    <ClCompile Include="ClientSocket.cpp">
      <Filter>Network\Socket\ClientSocket</Filter>
    </ClCompile>
    <ClCompile Include="SessionSocket.cpp">
      <Filter>Network\Socket\SessionSocket</Filter>
    </ClCompile>
    <ClCompile Include="IOCP.cpp">
      <Filter>IOCP</Filter>
    </ClCompile>
    <ClCompile Include="SessionManager.cpp">
      <Filter>Network\SessionManager</Filter>
    </ClCompile>
    <ClCompile Include="Singleton.cpp">
      <Filter>Singleton</Filter>
    </ClCompile>
    <ClCompile Include="ConfigManager.cpp">
      <Filter>ConfigManger</Filter>
    </ClCompile>
    <ClCompile Include="TCPListener.cpp">
      <Filter>Network\TCPListener</Filter>
    </ClCompile>
    <ClCompile Include="TCPSessionPool.cpp">
      <Filter>Network\TCPSessionPool</Filter>
    </ClCompile>
    <ClCompile Include="TCPSession.cpp">
      <Filter>Network\TCPSession</Filter>
    </ClCompile>
    <ClCompile Include="PacketHandler.cpp">
      <Filter>PacketHandler</Filter>
    </ClCompile>
  </ItemGroup>
  <ItemGroup>
    <Filter Include="pch">
      <UniqueIdentifier>{30af8cd5-8b36-4540-982e-b6d15107e9d7}</UniqueIdentifier>
    </Filter>
    <Filter Include="ServerHelper">
      <UniqueIdentifier>{ed9ee5d7-3a2d-4916-a975-3a6cfdd4c000}</UniqueIdentifier>
    </Filter>
    <Filter Include="Global">
      <UniqueIdentifier>{6cd2553b-b760-4938-8aa6-d4955ee5e610}</UniqueIdentifier>
    </Filter>
    <Filter Include="IOCP">
      <UniqueIdentifier>{78947f2e-017a-46c6-9792-cfa5d9867e19}</UniqueIdentifier>
    </Filter>
    <Filter Include="Singleton">
      <UniqueIdentifier>{ae60dd30-16f7-41c0-97a9-1cd8c424d5f1}</UniqueIdentifier>
    </Filter>
    <Filter Include="ConfigManger">
      <UniqueIdentifier>{4df26f24-fd1e-4fef-bea1-7f6befb35ea5}</UniqueIdentifier>
    </Filter>
    <Filter Include="Network">
      <UniqueIdentifier>{f5d881cf-62a3-427d-bba0-30e21b7a34c8}</UniqueIdentifier>
    </Filter>
    <Filter Include="Network\TCPListener">
      <UniqueIdentifier>{2c055888-510c-42f7-b451-c528b8cfb850}</UniqueIdentifier>
    </Filter>
    <Filter Include="Network\TCPSession">
      <UniqueIdentifier>{adca25fa-9bff-47f0-bf0c-2adbf6f19487}</UniqueIdentifier>
    </Filter>
    <Filter Include="Network\Socket">
      <UniqueIdentifier>{e2a8c078-0e6b-4062-a951-ad6ea0d16a14}</UniqueIdentifier>
    </Filter>
    <Filter Include="Network\Socket\ClientSocket">
      <UniqueIdentifier>{6e200485-7ff1-4668-a863-23e3ab082c45}</UniqueIdentifier>
    </Filter>
    <Filter Include="Network\Socket\ListenSocket">
      <UniqueIdentifier>{1f22a344-10d6-4588-b0b0-5909f3a2c7b8}</UniqueIdentifier>
    </Filter>
    <Filter Include="Network\Socket\SessionSocket">
      <UniqueIdentifier>{2486ec7b-bc35-44f3-8541-de39fb8cb604}</UniqueIdentifier>
    </Filter>
    <Filter Include="Network\SessionManager">
      <UniqueIdentifier>{c72dbc98-bbb1-4206-865a-db14035cd02c}</UniqueIdentifier>
    </Filter>
    <Filter Include="Network\TCPSessionPool">
      <UniqueIdentifier>{fbd8b8ff-22cc-45f9-8bd7-23893a5e3e27}</UniqueIdentifier>
    </Filter>
    <Filter Include="PacketHandler">
      <UniqueIdentifier>{6b900ece-06de-46e7-a09e-e58f55c646b2}</UniqueIdentifier>
    </Filter>
    <Filter Include="PacketHandler\LoginPacketHandler">
      <UniqueIdentifier>{d2c9872a-0dba-4230-b5e3-d8211bbb4948}</UniqueIdentifier>
    </Filter>
  </ItemGroup>
  <ItemGroup>
    <ClInclude Include="pch.h">
      <Filter>pch</Filter>
    </ClInclude>
    <ClInclude Include="ServerHelper.h">
      <Filter>ServerHelper</Filter>
    </ClInclude>
    <ClInclude Include="Socket.h">
      <Filter>Network\Socket</Filter>
    </ClInclude>
    <ClInclude Include="ListenSocket.h">
      <Filter>Network\Socket\ListenSocket</Filter>
    </ClInclude>
    <ClInclude Include="ClientSocket.h">
      <Filter>Network\Socket\ClientSocket</Filter>
    </ClInclude>
    <ClInclude Include="enum.h">
      <Filter>Global</Filter>
    </ClInclude>
    <ClInclude Include="SessionSocket.h">
      <Filter>Network\Socket\SessionSocket</Filter>
    </ClInclude>
    <ClInclude Include="IOCP.h">
      <Filter>IOCP</Filter>
    </ClInclude>
    <ClInclude Include="using.h">
      <Filter>Global</Filter>
    </ClInclude>
    <ClInclude Include="struct.h">
      <Filter>Global</Filter>
    </ClInclude>
    <ClInclude Include="SessionManager.h">
      <Filter>Network\SessionManager</Filter>
    </ClInclude>
    <ClInclude Include="Singleton.h">
      <Filter>Singleton</Filter>
    </ClInclude>
    <ClInclude Include="ConfigManager.h">
      <Filter>ConfigManger</Filter>
    </ClInclude>
    <ClInclude Include="TCPListener.h">
      <Filter>Network\TCPListener</Filter>
    </ClInclude>
    <ClInclude Include="TCPSessionPool.h">
      <Filter>Network\TCPSessionPool</Filter>
    </ClInclude>
    <ClInclude Include="TCPSession.h">
      <Filter>Network\TCPSession</Filter>
    </ClInclude>
    <ClInclude Include="PacketHandler.h">
      <Filter>PacketHandler</Filter>
    </ClInclude>
    <ClInclude Include="LoginPacketHandler.h">
      <Filter>PacketHandler\LoginPacketHandler</Filter>
    </ClInclude>
  </ItemGroup>
</Project>