<?xml version="1.0" encoding="utf-8"?>
<Project ToolsVersion="4.0" xmlns="http://schemas.microsoft.com/developer/msbuild/2003">
  <ItemGroup>
    <Filter Include="pch">
      <UniqueIdentifier>{6f20728f-02f6-42be-8886-a27fb712e2da}</UniqueIdentifier>
    </Filter>
    <Filter Include="Packet">
      <UniqueIdentifier>{43ed1938-f5cc-4069-8262-8fe5844b6830}</UniqueIdentifier>
    </Filter>
    <Filter Include="Packet\PacketBase">
      <UniqueIdentifier>{6495e845-8cec-469f-9870-d6e56bac9fef}</UniqueIdentifier>
    </Filter>
    <Filter Include="Packet\SendPacket">
      <UniqueIdentifier>{c4f0be05-b3f8-4418-90a3-63c66777b419}</UniqueIdentifier>
    </Filter>
    <Filter Include="Packet\RecvPacket">
      <UniqueIdentifier>{22033f3d-fc93-4179-8e08-ce6a5a976060}</UniqueIdentifier>
    </Filter>
    <Filter Include="Packet\SendRecvPacket">
      <UniqueIdentifier>{68ea5de6-538b-4fa2-98aa-1c34703ea325}</UniqueIdentifier>
    </Filter>
    <Filter Include="Packet\TestPacket">
      <UniqueIdentifier>{c538b247-0e36-4775-b8d3-21df4f6b78a5}</UniqueIdentifier>
    </Filter>
  </ItemGroup>
  <ItemGroup>
    <ClCompile Include="pch.cpp">
      <Filter>pch</Filter>
    </ClCompile>
    <ClCompile Include="PacketBase.cpp">
      <Filter>Packet\PacketBase</Filter>
    </ClCompile>
    <ClCompile Include="SendPacket.cpp">
      <Filter>Packet\SendPacket</Filter>
    </ClCompile>
    <ClCompile Include="RecvPacket.cpp">
      <Filter>Packet\RecvPacket</Filter>
    </ClCompile>
    <ClCompile Include="SendRecvPacket.cpp">
      <Filter>Packet\SendRecvPacket</Filter>
    </ClCompile>
    <ClCompile Include="TestPacket.cpp">
      <Filter>Packet\TestPacket</Filter>
    </ClCompile>
  </ItemGroup>
  <ItemGroup>
    <ClInclude Include="pch.h">
      <Filter>pch</Filter>
    </ClInclude>
    <ClInclude Include="PacketBase.h">
      <Filter>Packet\PacketBase</Filter>
    </ClInclude>
    <ClInclude Include="SendPacket.h">
      <Filter>Packet\SendPacket</Filter>
    </ClInclude>
    <ClInclude Include="RecvPacket.h">
      <Filter>Packet\RecvPacket</Filter>
    </ClInclude>
    <ClInclude Include="SendRecvPacket.h">
      <Filter>Packet\SendRecvPacket</Filter>
    </ClInclude>
    <ClInclude Include="TestPacket.h">
      <Filter>Packet\TestPacket</Filter>
    </ClInclude>
  </ItemGroup>
</Project>