<?xml version="1.0" encoding="utf-8"?>
<Project ToolsVersion="4.0" xmlns="http://schemas.microsoft.com/developer/msbuild/2003">
  <ItemGroup>
    <Filter Include="pch">
      <UniqueIdentifier>{6f20728f-02f6-42be-8886-a27fb712e2da}</UniqueIdentifier>
    </Filter>
    <Filter Include="Packet">
      <UniqueIdentifier>{43ed1938-f5cc-4069-8262-8fe5844b6830}</UniqueIdentifier>
    </Filter>
    <Filter Include="Packet\PacketBase">
      <UniqueIdentifier>{6495e845-8cec-469f-9870-d6e56bac9fef}</UniqueIdentifier>
    </Filter>
    <Filter Include="PacketHelper">
      <UniqueIdentifier>{66c57b85-2bbb-4955-b648-b6f70b18df9f}</UniqueIdentifier>
    </Filter>
    <Filter Include="Packet\Join">
      <UniqueIdentifier>{bfb8259c-93e4-4fb9-9aba-702bd4dc9db0}</UniqueIdentifier>
    </Filter>
    <Filter Include="Packet\Login">
      <UniqueIdentifier>{22fb466b-ea8b-406b-baae-8bf7014d8a5b}</UniqueIdentifier>
    </Filter>
    <Filter Include="Packet\JoinResult">
      <UniqueIdentifier>{9fc6e1ef-fb42-46cc-b5af-cc5d88cb7c7c}</UniqueIdentifier>
    </Filter>
    <Filter Include="Serializer">
      <UniqueIdentifier>{165e43f9-7eee-4ab7-8f24-7b51f9c98298}</UniqueIdentifier>
    </Filter>
    <Filter Include="Global">
      <UniqueIdentifier>{dd7ffa26-8953-4d23-9af5-0d161c509d43}</UniqueIdentifier>
    </Filter>
    <Filter Include="Packet\IDCheckResult">
      <UniqueIdentifier>{93a95959-3a51-4493-9d1b-8977060088fa}</UniqueIdentifier>
    </Filter>
    <Filter Include="Packet\IDCheck">
      <UniqueIdentifier>{479a85cc-4133-4339-a263-046bb16a1f48}</UniqueIdentifier>
    </Filter>
    <Filter Include="Packet\AddFriend">
      <UniqueIdentifier>{fba2df7b-9a29-4e4f-b0f5-957e2b1b7be2}</UniqueIdentifier>
    </Filter>
    <Filter Include="Packet\LoginResult">
      <UniqueIdentifier>{8f5b865a-b70c-4b44-b766-f5a3d9d10462}</UniqueIdentifier>
    </Filter>
    <Filter Include="Packet\AddFriendResult">
      <UniqueIdentifier>{40e24ec0-0ef6-4df4-b7c0-7ce4027acc1d}</UniqueIdentifier>
    </Filter>
    <Filter Include="Packet\SendChatting">
      <UniqueIdentifier>{5b0c8e32-50c3-47e8-b8ab-095bda99e251}</UniqueIdentifier>
    </Filter>
    <Filter Include="Packet\RecvChatting">
      <UniqueIdentifier>{6610bbe3-e0e4-4f66-8e15-1e41956354bf}</UniqueIdentifier>
    </Filter>
  </ItemGroup>
  <ItemGroup>
    <ClCompile Include="pch.cpp">
      <Filter>pch</Filter>
    </ClCompile>
    <ClCompile Include="PacketBase.cpp">
      <Filter>Packet\PacketBase</Filter>
    </ClCompile>
    <ClCompile Include="LoginPacket.cpp">
      <Filter>Packet\Login</Filter>
    </ClCompile>
    <ClCompile Include="Serializer.cpp">
      <Filter>Serializer</Filter>
    </ClCompile>
    <ClCompile Include="PacketHelper.cpp">
      <Filter>PacketHelper</Filter>
    </ClCompile>
    <ClCompile Include="LoginResultPacket.cpp">
      <Filter>Packet\LoginResult</Filter>
    </ClCompile>
    <ClCompile Include="JoinPacket.cpp">
      <Filter>Packet\Join</Filter>
    </ClCompile>
    <ClCompile Include="JoinResultPacket.cpp">
      <Filter>Packet\JoinResult</Filter>
    </ClCompile>
    <ClCompile Include="IDCheckResultPacket.cpp">
      <Filter>Packet\IDCheckResult</Filter>
    </ClCompile>
    <ClCompile Include="IDCheckPacket.cpp">
      <Filter>Packet\IDCheck</Filter>
    </ClCompile>
    <ClCompile Include="AddFriendPacket.cpp">
      <Filter>Packet\AddFriend</Filter>
    </ClCompile>
    <ClCompile Include="AddFriendResultPacket.cpp">
      <Filter>Packet\AddFriendResult</Filter>
    </ClCompile>
    <ClCompile Include="RecvChattingPacket.cpp">
      <Filter>Packet\RecvChatting</Filter>
    </ClCompile>
    <ClCompile Include="SendChattingPacket.cpp">
      <Filter>Packet\SendChatting</Filter>
    </ClCompile>
  </ItemGroup>
  <ItemGroup>
    <ClInclude Include="pch.h">
      <Filter>pch</Filter>
    </ClInclude>
    <ClInclude Include="PacketBase.h">
      <Filter>Packet\PacketBase</Filter>
    </ClInclude>
    <ClInclude Include="PacketType.h">
      <Filter>Packet</Filter>
    </ClInclude>
    <ClInclude Include="LoginPacket.h">
      <Filter>Packet\Login</Filter>
    </ClInclude>
    <ClInclude Include="Serializer.h">
      <Filter>Serializer</Filter>
    </ClInclude>
    <ClInclude Include="PacketHelper.h">
      <Filter>PacketHelper</Filter>
    </ClInclude>
    <ClInclude Include="LoginResultPacket.h">
      <Filter>Packet\LoginResult</Filter>
    </ClInclude>
    <ClInclude Include="enum.h">
      <Filter>Global</Filter>
    </ClInclude>
    <ClInclude Include="struct.h">
      <Filter>Global</Filter>
    </ClInclude>
    <ClInclude Include="JoinPacket.h">
      <Filter>Packet\Join</Filter>
    </ClInclude>
    <ClInclude Include="JoinResultPacket.h">
      <Filter>Packet\JoinResult</Filter>
    </ClInclude>
    <ClInclude Include="IDCheckResultPacket.h">
      <Filter>Packet\IDCheckResult</Filter>
    </ClInclude>
    <ClInclude Include="IDCheckPacket.h">
      <Filter>Packet\IDCheck</Filter>
    </ClInclude>
    <ClInclude Include="AddFriendPacket.h">
      <Filter>Packet\AddFriend</Filter>
    </ClInclude>
    <ClInclude Include="AddFriendResultPacket.h">
      <Filter>Packet\AddFriendResult</Filter>
    </ClInclude>
    <ClInclude Include="RecvChattingPacket.h">
      <Filter>Packet\RecvChatting</Filter>
    </ClInclude>
    <ClInclude Include="SendChattingPacket.h">
      <Filter>Packet\SendChatting</Filter>
    </ClInclude>
    <ClInclude Include="PacketHeader.h">
      <Filter>Packet</Filter>
    </ClInclude>
  </ItemGroup>
</Project>